
Microsoft Visual Studio Solution File, Format Version 12.00
Project("{2150E333-8FDC-42A3-9474-1A3956D46DE8}") = "src", "src", "{E87A34A0-3EB8-4A83-A0E9-01D2753D074A}"
EndProject
Project("{FAE04EC0-301F-11D3-BF4B-00C04F79EFBC}") = "Domain", "Domain\Domain.csproj", "{44BFD1FC-8F21-43D5-B4F8-546D1093A868}"
EndProject
Project("{FAE04EC0-301F-11D3-BF4B-00C04F79EFBC}") = "Application", "Application\Application.csproj", "{F1FFE70D-646B-42B5-857F-D2D60A4E4661}"
EndProject
Project("{FAE04EC0-301F-11D3-BF4B-00C04F79EFBC}") = "Infrastructure", "Infrastructure\Infrastructure.csproj", "{7C907C8A-6638-4C51-B2F8-9CF4980323F1}"
EndProject
Project("{FAE04EC0-301F-11D3-BF4B-00C04F79EFBC}") = "WebApp", "WebApp\WebApp.csproj", "{88F064AD-284B-435B-8B80-E9AA650F2C17}"
EndProject
Global
	GlobalSection(SolutionConfigurationPlatforms) = preSolution
		Debug|Any CPU = Debug|Any CPU
		Release|Any CPU = Release|Any CPU
	EndGlobalSection
	GlobalSection(NestedProjects) = preSolution
		{44BFD1FC-8F21-43D5-B4F8-546D1093A868} = {E87A34A0-3EB8-4A83-A0E9-01D2753D074A}
		{F1FFE70D-646B-42B5-857F-D2D60A4E4661} = {E87A34A0-3EB8-4A83-A0E9-01D2753D074A}
		{7C907C8A-6638-4C51-B2F8-9CF4980323F1} = {E87A34A0-3EB8-4A83-A0E9-01D2753D074A}
	EndGlobalSection
	GlobalSection(ProjectConfigurationPlatforms) = postSolution
		{44BFD1FC-8F21-43D5-B4F8-546D1093A868}.Debug|Any CPU.ActiveCfg = Debug|Any CPU
		{44BFD1FC-8F21-43D5-B4F8-546D1093A868}.Debug|Any CPU.Build.0 = Debug|Any CPU
		{44BFD1FC-8F21-43D5-B4F8-546D1093A868}.Release|Any CPU.ActiveCfg = Release|Any CPU
		{44BFD1FC-8F21-43D5-B4F8-546D1093A868}.Release|Any CPU.Build.0 = Release|Any CPU
		{F1FFE70D-646B-42B5-857F-D2D60A4E4661}.Debug|Any CPU.ActiveCfg = Debug|Any CPU
		{F1FFE70D-646B-42B5-857F-D2D60A4E4661}.Debug|Any CPU.Build.0 = Debug|Any CPU
		{F1FFE70D-646B-42B5-857F-D2D60A4E4661}.Release|Any CPU.ActiveCfg = Release|Any CPU
		{F1FFE70D-646B-42B5-857F-D2D60A4E4661}.Release|Any CPU.Build.0 = Release|Any CPU
		{7C907C8A-6638-4C51-B2F8-9CF4980323F1}.Debug|Any CPU.ActiveCfg = Debug|Any CPU
		{7C907C8A-6638-4C51-B2F8-9CF4980323F1}.Debug|Any CPU.Build.0 = Debug|Any CPU
		{7C907C8A-6638-4C51-B2F8-9CF4980323F1}.Release|Any CPU.ActiveCfg = Release|Any CPU
		{7C907C8A-6638-4C51-B2F8-9CF4980323F1}.Release|Any CPU.Build.0 = Release|Any CPU
		{88F064AD-284B-435B-8B80-E9AA650F2C17}.Debug|Any CPU.ActiveCfg = Debug|Any CPU
		{88F064AD-284B-435B-8B80-E9AA650F2C17}.Debug|Any CPU.Build.0 = Debug|Any CPU
		{88F064AD-284B-435B-8B80-E9AA650F2C17}.Release|Any CPU.ActiveCfg = Release|Any CPU
		{88F064AD-284B-435B-8B80-E9AA650F2C17}.Release|Any CPU.Build.0 = Release|Any CPU
	EndGlobalSection
EndGlobal
